
Microsoft Visual Studio Solution File, Format Version 12.00
# Visual Studio Version 16
VisualStudioVersion = 16.0.28729.10
MinimumVisualStudioVersion = 10.0.40219.1
Project("{9A19103F-16F7-4668-BE54-9A1E7A4F7556}") = "GhostLineAPI", "GhostLineAPI\GhostLineAPI.csproj", "{A8069DCC-3593-4E66-9BDB-DA9856310867}"
EndProject
Project("{9A19103F-16F7-4668-BE54-9A1E7A4F7556}") = "ExternalApp", "ExternalApp\ExternalApp.csproj", "{3A3B38C2-F873-4684-A9AB-F1393E362A70}"
EndProject
Project("{9A19103F-16F7-4668-BE54-9A1E7A4F7556}") = "GhostLineAPI_CoreTest", "GhostLineAPI_CoreTest\GhostLineAPI_CoreTest.csproj", "{EA96C557-F30A-4886-BE2B-C68D8CEBA6A7}"
EndProject
Project("{9A19103F-16F7-4668-BE54-9A1E7A4F7556}") = "ElkDogModel", "ElkDogManager\ElkDogModel.csproj", "{B4969B50-8A80-444B-A4C6-F9601F9F0BB8}"
EndProject
Project("{2150E333-8FDC-42A3-9474-1A3956D46DE8}") = "Solution Items", "Solution Items", "{BB09267A-9850-470D-98FD-B7E5AAA9F000}"
	ProjectSection(SolutionItems) = preProject
		..\README.md = ..\README.md
	EndProjectSection
EndProject
Project("{FAE04EC0-301F-11D3-BF4B-00C04F79EFBC}") = "LoadTester", "LoadTester\LoadTester.csproj", "{7E2F362E-C54F-4B8B-AF35-6426774981C4}"
EndProject
Global
	GlobalSection(SolutionConfigurationPlatforms) = preSolution
		Debug|Any CPU = Debug|Any CPU
		Release|Any CPU = Release|Any CPU
	EndGlobalSection
	GlobalSection(ProjectConfigurationPlatforms) = postSolution
		{A8069DCC-3593-4E66-9BDB-DA9856310867}.Debug|Any CPU.ActiveCfg = Debug|Any CPU
		{A8069DCC-3593-4E66-9BDB-DA9856310867}.Debug|Any CPU.Build.0 = Debug|Any CPU
		{A8069DCC-3593-4E66-9BDB-DA9856310867}.Release|Any CPU.ActiveCfg = Release|Any CPU
		{A8069DCC-3593-4E66-9BDB-DA9856310867}.Release|Any CPU.Build.0 = Release|Any CPU
		{3A3B38C2-F873-4684-A9AB-F1393E362A70}.Debug|Any CPU.ActiveCfg = Debug|Any CPU
		{3A3B38C2-F873-4684-A9AB-F1393E362A70}.Debug|Any CPU.Build.0 = Debug|Any CPU
		{3A3B38C2-F873-4684-A9AB-F1393E362A70}.Release|Any CPU.ActiveCfg = Release|Any CPU
		{3A3B38C2-F873-4684-A9AB-F1393E362A70}.Release|Any CPU.Build.0 = Release|Any CPU
		{EA96C557-F30A-4886-BE2B-C68D8CEBA6A7}.Debug|Any CPU.ActiveCfg = Debug|Any CPU
		{EA96C557-F30A-4886-BE2B-C68D8CEBA6A7}.Debug|Any CPU.Build.0 = Debug|Any CPU
		{EA96C557-F30A-4886-BE2B-C68D8CEBA6A7}.Release|Any CPU.ActiveCfg = Release|Any CPU
		{EA96C557-F30A-4886-BE2B-C68D8CEBA6A7}.Release|Any CPU.Build.0 = Release|Any CPU
		{B4969B50-8A80-444B-A4C6-F9601F9F0BB8}.Debug|Any CPU.ActiveCfg = Debug|Any CPU
		{B4969B50-8A80-444B-A4C6-F9601F9F0BB8}.Debug|Any CPU.Build.0 = Debug|Any CPU
		{B4969B50-8A80-444B-A4C6-F9601F9F0BB8}.Release|Any CPU.ActiveCfg = Release|Any CPU
		{B4969B50-8A80-444B-A4C6-F9601F9F0BB8}.Release|Any CPU.Build.0 = Release|Any CPU
		{7E2F362E-C54F-4B8B-AF35-6426774981C4}.Debug|Any CPU.ActiveCfg = Debug|Any CPU
		{7E2F362E-C54F-4B8B-AF35-6426774981C4}.Debug|Any CPU.Build.0 = Debug|Any CPU
		{7E2F362E-C54F-4B8B-AF35-6426774981C4}.Release|Any CPU.ActiveCfg = Release|Any CPU
		{7E2F362E-C54F-4B8B-AF35-6426774981C4}.Release|Any CPU.Build.0 = Release|Any CPU
	EndGlobalSection
	GlobalSection(SolutionProperties) = preSolution
		HideSolutionNode = FALSE
	EndGlobalSection
	GlobalSection(ExtensibilityGlobals) = postSolution
		SolutionGuid = {D932A988-8A69-4BB1-9B68-94ED315929E3}
	EndGlobalSection
EndGlobal
